
Microsoft Visual Studio Solution File, Format Version 12.00
# Visual Studio 15
VisualStudioVersion = 15.0.28307.1321
MinimumVisualStudioVersion = 10.0.40219.1
Project("{8BC9CEB8-8B4A-11D0-8D11-00A0C91BC942}") = "MySimpleSTL", "MySimpleSTL\MySimpleSTL.vcxproj", "{AA400DB8-8368-4016-847E-68F82D8726BC}"
EndProject
Global
	GlobalSection(SolutionConfigurationPlatforms) = preSolution
		Debug|x64 = Debug|x64
		Debug|x86 = Debug|x86
		Release|x64 = Release|x64
		Release|x86 = Release|x86
	EndGlobalSection
	GlobalSection(ProjectConfigurationPlatforms) = postSolution
		{AA400DB8-8368-4016-847E-68F82D8726BC}.Debug|x64.ActiveCfg = Debug|x64
		{AA400DB8-8368-4016-847E-68F82D8726BC}.Debug|x64.Build.0 = Debug|x64
		{AA400DB8-8368-4016-847E-68F82D8726BC}.Debug|x86.ActiveCfg = Debug|Win32
		{AA400DB8-8368-4016-847E-68F82D8726BC}.Debug|x86.Build.0 = Debug|Win32
		{AA400DB8-8368-4016-847E-68F82D8726BC}.Release|x64.ActiveCfg = Release|x64
		{AA400DB8-8368-4016-847E-68F82D8726BC}.Release|x64.Build.0 = Release|x64
		{AA400DB8-8368-4016-847E-68F82D8726BC}.Release|x86.ActiveCfg = Release|Win32
		{AA400DB8-8368-4016-847E-68F82D8726BC}.Release|x86.Build.0 = Release|Win32
	EndGlobalSection
	GlobalSection(SolutionProperties) = preSolution
		HideSolutionNode = FALSE
	EndGlobalSection
	GlobalSection(ExtensibilityGlobals) = postSolution
		SolutionGuid = {EB85C887-60B1-41CA-8B3A-EC0C0EC14726}
	EndGlobalSection
EndGlobal
